// !$*UTF8*$!
{
	archiveVersion = 1;
	classes = {
	};
	objectVersion = 46;
	objects = {

/* Begin PBXBuildFile section */
		3D6D59D319409DF6002A58F9 /* Foundation.framework in Frameworks */ = {isa = PBXBuildFile; fileRef = 3D6D59D219409DF6002A58F9 /* Foundation.framework */; };
		3D6D59D519409DF6002A58F9 /* CoreGraphics.framework in Frameworks */ = {isa = PBXBuildFile; fileRef = 3D6D59D419409DF6002A58F9 /* CoreGraphics.framework */; };
		3D6D59D719409DF6002A58F9 /* UIKit.framework in Frameworks */ = {isa = PBXBuildFile; fileRef = 3D6D59D619409DF6002A58F9 /* UIKit.framework */; };
		3D6D59DD19409DF6002A58F9 /* InfoPlist.strings in Resources */ = {isa = PBXBuildFile; fileRef = 3D6D59DB19409DF6002A58F9 /* InfoPlist.strings */; };
		3D6D59DF19409DF6002A58F9 /* main.m in Sources */ = {isa = PBXBuildFile; fileRef = 3D6D59DE19409DF6002A58F9 /* main.m */; };
		3D6D59E319409DF6002A58F9 /* AppDelegate.m in Sources */ = {isa = PBXBuildFile; fileRef = 3D6D59E219409DF6002A58F9 /* AppDelegate.m */; };
		3D6D59E619409DF6002A58F9 /* Main_iPhone.storyboard in Resources */ = {isa = PBXBuildFile; fileRef = 3D6D59E419409DF6002A58F9 /* Main_iPhone.storyboard */; };
		3D6D59E919409DF6002A58F9 /* Main_iPad.storyboard in Resources */ = {isa = PBXBuildFile; fileRef = 3D6D59E719409DF6002A58F9 /* Main_iPad.storyboard */; };
		3D6D59EC19409DF6002A58F9 /* ViewController.m in Sources */ = {isa = PBXBuildFile; fileRef = 3D6D59EB19409DF6002A58F9 /* ViewController.m */; };
		3D6D59EE19409DF6002A58F9 /* Images.xcassets in Resources */ = {isa = PBXBuildFile; fileRef = 3D6D59ED19409DF6002A58F9 /* Images.xcassets */; };
		3D6D59F519409DF6002A58F9 /* XCTest.framework in Frameworks */ = {isa = PBXBuildFile; fileRef = 3D6D59F419409DF6002A58F9 /* XCTest.framework */; };
		3D6D59F619409DF6002A58F9 /* Foundation.framework in Frameworks */ = {isa = PBXBuildFile; fileRef = 3D6D59D219409DF6002A58F9 /* Foundation.framework */; };
		3D6D59F719409DF6002A58F9 /* UIKit.framework in Frameworks */ = {isa = PBXBuildFile; fileRef = 3D6D59D619409DF6002A58F9 /* UIKit.framework */; };
		3D6D59FF19409DF6002A58F9 /* InfoPlist.strings in Resources */ = {isa = PBXBuildFile; fileRef = 3D6D59FD19409DF6002A58F9 /* InfoPlist.strings */; };
		3D6D5A0119409DF6002A58F9 /* helloWorldTests.m in Sources */ = {isa = PBXBuildFile; fileRef = 3D6D5A0019409DF6002A58F9 /* helloWorldTests.m */; };
/* End PBXBuildFile section */

/* Begin PBXContainerItemProxy section */
		3D6D59F819409DF6002A58F9 /* PBXContainerItemProxy */ = {
			isa = PBXContainerItemProxy;
			containerPortal = 3D6D59C719409DF6002A58F9 /* Project object */;
			proxyType = 1;
			remoteGlobalIDString = 3D6D59CE19409DF6002A58F9;
			remoteInfo = helloWorld;
		};
/* End PBXContainerItemProxy section */

/* Begin PBXFileReference section */
		3D6D59CF19409DF6002A58F9 /* helloWorld.app */ = {isa = PBXFileReference; explicitFileType = wrapper.application; includeInIndex = 0; path = helloWorld.app; sourceTree = BUILT_PRODUCTS_DIR; };
		3D6D59D219409DF6002A58F9 /* Foundation.framework */ = {isa = PBXFileReference; lastKnownFileType = wrapper.framework; name = Foundation.framework; path = System/Library/Frameworks/Foundation.framework; sourceTree = SDKROOT; };
		3D6D59D419409DF6002A58F9 /* CoreGraphics.framework */ = {isa = PBXFileReference; lastKnownFileType = wrapper.framework; name = CoreGraphics.framework; path = System/Library/Frameworks/CoreGraphics.framework; sourceTree = SDKROOT; };
		3D6D59D619409DF6002A58F9 /* UIKit.framework */ = {isa = PBXFileReference; lastKnownFileType = wrapper.framework; name = UIKit.framework; path = System/Library/Frameworks/UIKit.framework; sourceTree = SDKROOT; };
		3D6D59DA19409DF6002A58F9 /* helloWorld-Info.plist */ = {isa = PBXFileReference; lastKnownFileType = text.plist.xml; path = "helloWorld-Info.plist"; sourceTree = "<group>"; };
		3D6D59DC19409DF6002A58F9 /* en */ = {isa = PBXFileReference; lastKnownFileType = text.plist.strings; name = en; path = en.lproj/InfoPlist.strings; sourceTree = "<group>"; };
		3D6D59DE19409DF6002A58F9 /* main.m */ = {isa = PBXFileReference; lastKnownFileType = sourcecode.c.objc; path = main.m; sourceTree = "<group>"; };
		3D6D59E019409DF6002A58F9 /* helloWorld-Prefix.pch */ = {isa = PBXFileReference; lastKnownFileType = sourcecode.c.h; path = "helloWorld-Prefix.pch"; sourceTree = "<group>"; };
		3D6D59E119409DF6002A58F9 /* AppDelegate.h */ = {isa = PBXFileReference; lastKnownFileType = sourcecode.c.h; path = AppDelegate.h; sourceTree = "<group>"; };
		3D6D59E219409DF6002A58F9 /* AppDelegate.m */ = {isa = PBXFileReference; lastKnownFileType = sourcecode.c.objc; path = AppDelegate.m; sourceTree = "<group>"; };
		3D6D59E519409DF6002A58F9 /* Base */ = {isa = PBXFileReference; lastKnownFileType = file.storyboard; name = Base; path = Base.lproj/Main_iPhone.storyboard; sourceTree = "<group>"; };
		3D6D59E819409DF6002A58F9 /* Base */ = {isa = PBXFileReference; lastKnownFileType = file.storyboard; name = Base; path = Base.lproj/Main_iPad.storyboard; sourceTree = "<group>"; };
		3D6D59EA19409DF6002A58F9 /* ViewController.h */ = {isa = PBXFileReference; lastKnownFileType = sourcecode.c.h; path = ViewController.h; sourceTree = "<group>"; };
		3D6D59EB19409DF6002A58F9 /* ViewController.m */ = {isa = PBXFileReference; lastKnownFileType = sourcecode.c.objc; path = ViewController.m; sourceTree = "<group>"; };
		3D6D59ED19409DF6002A58F9 /* Images.xcassets */ = {isa = PBXFileReference; lastKnownFileType = folder.assetcatalog; path = Images.xcassets; sourceTree = "<group>"; };
		3D6D59F319409DF6002A58F9 /* helloWorldTests.xctest */ = {isa = PBXFileReference; explicitFileType = wrapper.cfbundle; includeInIndex = 0; path = helloWorldTests.xctest; sourceTree = BUILT_PRODUCTS_DIR; };
		3D6D59F419409DF6002A58F9 /* XCTest.framework */ = {isa = PBXFileReference; lastKnownFileType = wrapper.framework; name = XCTest.framework; path = Library/Frameworks/XCTest.framework; sourceTree = DEVELOPER_DIR; };
		3D6D59FC19409DF6002A58F9 /* helloWorldTests-Info.plist */ = {isa = PBXFileReference; lastKnownFileType = text.plist.xml; path = "helloWorldTests-Info.plist"; sourceTree = "<group>"; };
		3D6D59FE19409DF6002A58F9 /* en */ = {isa = PBXFileReference; lastKnownFileType = text.plist.strings; name = en; path = en.lproj/InfoPlist.strings; sourceTree = "<group>"; };
		3D6D5A0019409DF6002A58F9 /* helloWorldTests.m */ = {isa = PBXFileReference; lastKnownFileType = sourcecode.c.objc; path = helloWorldTests.m; sourceTree = "<group>"; };
/* End PBXFileReference section */

/* Begin PBXFrameworksBuildPhase section */
		3D6D59CC19409DF6002A58F9 /* Frameworks */ = {
			isa = PBXFrameworksBuildPhase;
			buildActionMask = 2147483647;
			files = (
				3D6D59D519409DF6002A58F9 /* CoreGraphics.framework in Frameworks */,
				3D6D59D719409DF6002A58F9 /* UIKit.framework in Frameworks */,
				3D6D59D319409DF6002A58F9 /* Foundation.framework in Frameworks */,
			);
			runOnlyForDeploymentPostprocessing = 0;
		};
		3D6D59F019409DF6002A58F9 /* Frameworks */ = {
			isa = PBXFrameworksBuildPhase;
			buildActionMask = 2147483647;
			files = (
				3D6D59F519409DF6002A58F9 /* XCTest.framework in Frameworks */,
				3D6D59F719409DF6002A58F9 /* UIKit.framework in Frameworks */,
				3D6D59F619409DF6002A58F9 /* Foundation.framework in Frameworks */,
			);
			runOnlyForDeploymentPostprocessing = 0;
		};
/* End PBXFrameworksBuildPhase section */

/* Begin PBXGroup section */
		3D6D59C619409DF6002A58F9 = {
			isa = PBXGroup;
			children = (
				3D6D59D819409DF6002A58F9 /* helloWorld */,
				3D6D59FA19409DF6002A58F9 /* helloWorldTests */,
				3D6D59D119409DF6002A58F9 /* Frameworks */,
				3D6D59D019409DF6002A58F9 /* Products */,
			);
			sourceTree = "<group>";
		};
		3D6D59D019409DF6002A58F9 /* Products */ = {
			isa = PBXGroup;
			children = (
				3D6D59CF19409DF6002A58F9 /* helloWorld.app */,
				3D6D59F319409DF6002A58F9 /* helloWorldTests.xctest */,
			);
			name = Products;
			sourceTree = "<group>";
		};
		3D6D59D119409DF6002A58F9 /* Frameworks */ = {
			isa = PBXGroup;
			children = (
				3D6D59D219409DF6002A58F9 /* Foundation.framework */,
				3D6D59D419409DF6002A58F9 /* CoreGraphics.framework */,
				3D6D59D619409DF6002A58F9 /* UIKit.framework */,
				3D6D59F419409DF6002A58F9 /* XCTest.framework */,
			);
			name = Frameworks;
			sourceTree = "<group>";
		};
		3D6D59D819409DF6002A58F9 /* helloWorld */ = {
			isa = PBXGroup;
			children = (
				3D6D59E119409DF6002A58F9 /* AppDelegate.h */,
				3D6D59E219409DF6002A58F9 /* AppDelegate.m */,
				3D6D59E419409DF6002A58F9 /* Main_iPhone.storyboard */,
				3D6D59E719409DF6002A58F9 /* Main_iPad.storyboard */,
				3D6D59EA19409DF6002A58F9 /* ViewController.h */,
				3D6D59EB19409DF6002A58F9 /* ViewController.m */,
				3D6D59ED19409DF6002A58F9 /* Images.xcassets */,
				3D6D59D919409DF6002A58F9 /* Supporting Files */,
			);
			path = helloWorld;
			sourceTree = "<group>";
		};
		3D6D59D919409DF6002A58F9 /* Supporting Files */ = {
			isa = PBXGroup;
			children = (
				3D6D59DA19409DF6002A58F9 /* helloWorld-Info.plist */,
				3D6D59DB19409DF6002A58F9 /* InfoPlist.strings */,
				3D6D59DE19409DF6002A58F9 /* main.m */,
				3D6D59E019409DF6002A58F9 /* helloWorld-Prefix.pch */,
			);
			name = "Supporting Files";
			sourceTree = "<group>";
		};
		3D6D59FA19409DF6002A58F9 /* helloWorldTests */ = {
			isa = PBXGroup;
			children = (
				3D6D5A0019409DF6002A58F9 /* helloWorldTests.m */,
				3D6D59FB19409DF6002A58F9 /* Supporting Files */,
			);
			path = helloWorldTests;
			sourceTree = "<group>";
		};
		3D6D59FB19409DF6002A58F9 /* Supporting Files */ = {
			isa = PBXGroup;
			children = (
				3D6D59FC19409DF6002A58F9 /* helloWorldTests-Info.plist */,
				3D6D59FD19409DF6002A58F9 /* InfoPlist.strings */,
			);
			name = "Supporting Files";
			sourceTree = "<group>";
		};
/* End PBXGroup section */

/* Begin PBXNativeTarget section */
		3D6D59CE19409DF6002A58F9 /* helloWorld */ = {
			isa = PBXNativeTarget;
			buildConfigurationList = 3D6D5A0419409DF6002A58F9 /* Build configuration list for PBXNativeTarget "helloWorld" */;
			buildPhases = (
				3D6D59CB19409DF6002A58F9 /* Sources */,
				3D6D59CC19409DF6002A58F9 /* Frameworks */,
				3D6D59CD19409DF6002A58F9 /* Resources */,
			);
			buildRules = (
			);
			dependencies = (
			);
			name = helloWorld;
			productName = helloWorld;
			productReference = 3D6D59CF19409DF6002A58F9 /* helloWorld.app */;
			productType = "com.apple.product-type.application";
		};
		3D6D59F219409DF6002A58F9 /* helloWorldTests */ = {
			isa = PBXNativeTarget;
			buildConfigurationList = 3D6D5A0719409DF6002A58F9 /* Build configuration list for PBXNativeTarget "helloWorldTests" */;
			buildPhases = (
				3D6D59EF19409DF6002A58F9 /* Sources */,
				3D6D59F019409DF6002A58F9 /* Frameworks */,
				3D6D59F119409DF6002A58F9 /* Resources */,
			);
			buildRules = (
			);
			dependencies = (
				3D6D59F919409DF6002A58F9 /* PBXTargetDependency */,
			);
			name = helloWorldTests;
			productName = helloWorldTests;
			productReference = 3D6D59F319409DF6002A58F9 /* helloWorldTests.xctest */;
			productType = "com.apple.product-type.bundle.unit-test";
		};
/* End PBXNativeTarget section */

/* Begin PBXProject section */
		3D6D59C719409DF6002A58F9 /* Project object */ = {
			isa = PBXProject;
			attributes = {
				LastUpgradeCheck = 0510;
				ORGANIZATIONNAME = "sabarish Kandasamy sekar";
				TargetAttributes = {
					3D6D59F219409DF6002A58F9 = {
						TestTargetID = 3D6D59CE19409DF6002A58F9;
					};
				};
			};
			buildConfigurationList = 3D6D59CA19409DF6002A58F9 /* Build configuration list for PBXProject "helloWorld" */;
			compatibilityVersion = "Xcode 3.2";
			developmentRegion = English;
			hasScannedForEncodings = 0;
			knownRegions = (
				en,
				Base,
			);
			mainGroup = 3D6D59C619409DF6002A58F9;
			productRefGroup = 3D6D59D019409DF6002A58F9 /* Products */;
			projectDirPath = "";
			projectRoot = "";
			targets = (
				3D6D59CE19409DF6002A58F9 /* helloWorld */,
				3D6D59F219409DF6002A58F9 /* helloWorldTests */,
			);
		};
/* End PBXProject section */

/* Begin PBXResourcesBuildPhase section */
		3D6D59CD19409DF6002A58F9 /* Resources */ = {
			isa = PBXResourcesBuildPhase;
			buildActionMask = 2147483647;
			files = (
				3D6D59E919409DF6002A58F9 /* Main_iPad.storyboard in Resources */,
				3D6D59EE19409DF6002A58F9 /* Images.xcassets in Resources */,
				3D6D59E619409DF6002A58F9 /* Main_iPhone.storyboard in Resources */,
				3D6D59DD19409DF6002A58F9 /* InfoPlist.strings in Resources */,
			);
			runOnlyForDeploymentPostprocessing = 0;
		};
		3D6D59F119409DF6002A58F9 /* Resources */ = {
			isa = PBXResourcesBuildPhase;
			buildActionMask = 2147483647;
			files = (
				3D6D59FF19409DF6002A58F9 /* InfoPlist.strings in Resources */,
			);
			runOnlyForDeploymentPostprocessing = 0;
		};
/* End PBXResourcesBuildPhase section */

/* Begin PBXSourcesBuildPhase section */
		3D6D59CB19409DF6002A58F9 /* Sources */ = {
			isa = PBXSourcesBuildPhase;
			buildActionMask = 2147483647;
			files = (
				3D6D59EC19409DF6002A58F9 /* ViewController.m in Sources */,
				3D6D59E319409DF6002A58F9 /* AppDelegate.m in Sources */,
				3D6D59DF19409DF6002A58F9 /* main.m in Sources */,
			);
			runOnlyForDeploymentPostprocessing = 0;
		};
		3D6D59EF19409DF6002A58F9 /* Sources */ = {
			isa = PBXSourcesBuildPhase;
			buildActionMask = 2147483647;
			files = (
				3D6D5A0119409DF6002A58F9 /* helloWorldTests.m in Sources */,
			);
			runOnlyForDeploymentPostprocessing = 0;
		};
/* End PBXSourcesBuildPhase section */

/* Begin PBXTargetDependency section */
		3D6D59F919409DF6002A58F9 /* PBXTargetDependency */ = {
			isa = PBXTargetDependency;
			target = 3D6D59CE19409DF6002A58F9 /* helloWorld */;
			targetProxy = 3D6D59F819409DF6002A58F9 /* PBXContainerItemProxy */;
		};
/* End PBXTargetDependency section */

/* Begin PBXVariantGroup section */
		3D6D59DB19409DF6002A58F9 /* InfoPlist.strings */ = {
			isa = PBXVariantGroup;
			children = (
				3D6D59DC19409DF6002A58F9 /* en */,
			);
			name = InfoPlist.strings;
			sourceTree = "<group>";
		};
		3D6D59E419409DF6002A58F9 /* Main_iPhone.storyboard */ = {
			isa = PBXVariantGroup;
			children = (
				3D6D59E519409DF6002A58F9 /* Base */,
			);
			name = Main_iPhone.storyboard;
			sourceTree = "<group>";
		};
		3D6D59E719409DF6002A58F9 /* Main_iPad.storyboard */ = {
			isa = PBXVariantGroup;
			children = (
				3D6D59E819409DF6002A58F9 /* Base */,
			);
			name = Main_iPad.storyboard;
			sourceTree = "<group>";
		};
		3D6D59FD19409DF6002A58F9 /* InfoPlist.strings */ = {
			isa = PBXVariantGroup;
			children = (
				3D6D59FE19409DF6002A58F9 /* en */,
			);
			name = InfoPlist.strings;
			sourceTree = "<group>";
		};
/* End PBXVariantGroup section */

/* Begin XCBuildConfiguration section */
		3D6D5A0219409DF6002A58F9 /* Debug */ = {
			isa = XCBuildConfiguration;
			buildSettings = {
				ALWAYS_SEARCH_USER_PATHS = NO;
				CLANG_CXX_LANGUAGE_STANDARD = "gnu++0x";
				CLANG_CXX_LIBRARY = "libc++";
				CLANG_ENABLE_MODULES = YES;
				CLANG_ENABLE_OBJC_ARC = YES;
				CLANG_WARN_BOOL_CONVERSION = YES;
				CLANG_WARN_CONSTANT_CONVERSION = YES;
				CLANG_WARN_DIRECT_OBJC_ISA_USAGE = YES_ERROR;
				CLANG_WARN_EMPTY_BODY = YES;
				CLANG_WARN_ENUM_CONVERSION = YES;
				CLANG_WARN_INT_CONVERSION = YES;
				CLANG_WARN_OBJC_ROOT_CLASS = YES_ERROR;
				CLANG_WARN__DUPLICATE_METHOD_MATCH = YES;
				"CODE_SIGN_IDENTITY[sdk=iphoneos*]" = "iPhone Developer";
				COPY_PHASE_STRIP = NO;
				GCC_C_LANGUAGE_STANDARD = gnu99;
				GCC_DYNAMIC_NO_PIC = NO;
				GCC_OPTIMIZATION_LEVEL = 0;
				GCC_PREPROCESSOR_DEFINITIONS = (
					"DEBUG=1",
					"$(inherited)",
				);
				GCC_SYMBOLS_PRIVATE_EXTERN = NO;
				GCC_WARN_64_TO_32_BIT_CONVERSION = YES;
				GCC_WARN_ABOUT_RETURN_TYPE = YES_ERROR;
				GCC_WARN_UNDECLARED_SELECTOR = YES;
				GCC_WARN_UNINITIALIZED_AUTOS = YES_AGGRESSIVE;
				GCC_WARN_UNUSED_FUNCTION = YES;
				GCC_WARN_UNUSED_VARIABLE = YES;
				IPHONEOS_DEPLOYMENT_TARGET = 7.1;
				ONLY_ACTIVE_ARCH = YES;
				SDKROOT = iphoneos;
				TARGETED_DEVICE_FAMILY = "1,2";
			};
			name = Debug;
		};
		3D6D5A0319409DF6002A58F9 /* Release */ = {
			isa = XCBuildConfiguration;
			buildSettings = {
				ALWAYS_SEARCH_USER_PATHS = NO;
				CLANG_CXX_LANGUAGE_STANDARD = "gnu++0x";
				CLANG_CXX_LIBRARY = "libc++";
				CLANG_ENABLE_MODULES = YES;
				CLANG_ENABLE_OBJC_ARC = YES;
				CLANG_WARN_BOOL_CONVERSION = YES;
				CLANG_WARN_CONSTANT_CONVERSION = YES;
				CLANG_WARN_DIRECT_OBJC_ISA_USAGE = YES_ERROR;
				CLANG_WARN_EMPTY_BODY = YES;
				CLANG_WARN_ENUM_CONVERSION = YES;
				CLANG_WARN_INT_CONVERSION = YES;
				CLANG_WARN_OBJC_ROOT_CLASS = YES_ERROR;
				CLANG_WARN__DUPLICATE_METHOD_MATCH = YES;
				"CODE_SIGN_IDENTITY[sdk=iphoneos*]" = "iPhone Developer";
				COPY_PHASE_STRIP = YES;
				ENABLE_NS_ASSERTIONS = NO;
				GCC_C_LANGUAGE_STANDARD = gnu99;
				GCC_WARN_64_TO_32_BIT_CONVERSION = YES;
				GCC_WARN_ABOUT_RETURN_TYPE = YES_ERROR;
				GCC_WARN_UNDECLARED_SELECTOR = YES;
				GCC_WARN_UNINITIALIZED_AUTOS = YES_AGGRESSIVE;
				GCC_WARN_UNUSED_FUNCTION = YES;
				GCC_WARN_UNUSED_VARIABLE = YES;
				IPHONEOS_DEPLOYMENT_TARGET = 7.1;
				SDKROOT = iphoneos;
				TARGETED_DEVICE_FAMILY = "1,2";
				VALIDATE_PRODUCT = YES;
			};
			name = Release;
		};
		3D6D5A0519409DF6002A58F9 /* Debug */ = {
			isa = XCBuildConfiguration;
			buildSettings = {
				ASSETCATALOG_COMPILER_APPICON_NAME = AppIcon;
				ASSETCATALOG_COMPILER_LAUNCHIMAGE_NAME = LaunchImage;
				GCC_PRECOMPILE_PREFIX_HEADER = YES;
				GCC_PREFIX_HEADER = "helloWorld/helloWorld-Prefix.pch";
				INFOPLIST_FILE = "helloWorld/helloWorld-Info.plist";
				PRODUCT_NAME = "$(TARGET_NAME)";
				WRAPPER_EXTENSION = app;
			};
			name = Debug;
		};
		3D6D5A0619409DF6002A58F9 /* Release */ = {
			isa = XCBuildConfiguration;
			buildSettings = {
				ASSETCATALOG_COMPILER_APPICON_NAME = AppIcon;
				ASSETCATALOG_COMPILER_LAUNCHIMAGE_NAME = LaunchImage;
				GCC_PRECOMPILE_PREFIX_HEADER = YES;
				GCC_PREFIX_HEADER = "helloWorld/helloWorld-Prefix.pch";
				INFOPLIST_FILE = "helloWorld/helloWorld-Info.plist";
				PRODUCT_NAME = "$(TARGET_NAME)";
				WRAPPER_EXTENSION = app;
			};
			name = Release;
		};
		3D6D5A0819409DF6002A58F9 /* Debug */ = {
			isa = XCBuildConfiguration;
			buildSettings = {
				BUNDLE_LOADER = "$(BUILT_PRODUCTS_DIR)/helloWorld.app/helloWorld";
				FRAMEWORK_SEARCH_PATHS = (
					"$(SDKROOT)/Developer/Library/Frameworks",
					"$(inherited)",
					"$(DEVELOPER_FRAMEWORKS_DIR)",
				);
				GCC_PRECOMPILE_PREFIX_HEADER = YES;
				GCC_PREFIX_HEADER = "helloWorld/helloWorld-Prefix.pch";
				GCC_PREPROCESSOR_DEFINITIONS = (
					"DEBUG=1",
					"$(inherited)",
				);
				INFOPLIST_FILE = "helloWorldTests/helloWorldTests-Info.plist";
				PRODUCT_NAME = "$(TARGET_NAME)";
				TEST_HOST = "$(BUNDLE_LOADER)";
				WRAPPER_EXTENSION = xctest;
			};
			name = Debug;
		};
		3D6D5A0919409DF6002A58F9 /* Release */ = {
			isa = XCBuildConfiguration;
			buildSettings = {
				BUNDLE_LOADER = "$(BUILT_PRODUCTS_DIR)/helloWorld.app/helloWorld";
				FRAMEWORK_SEARCH_PATHS = (
					"$(SDKROOT)/Developer/Library/Frameworks",
					"$(inherited)",
					"$(DEVELOPER_FRAMEWORKS_DIR)",
				);
				GCC_PRECOMPILE_PREFIX_HEADER = YES;
				GCC_PREFIX_HEADER = "helloWorld/helloWorld-Prefix.pch";
				INFOPLIST_FILE = "helloWorldTests/helloWorldTests-Info.plist";
				PRODUCT_NAME = "$(TARGET_NAME)";
				TEST_HOST = "$(BUNDLE_LOADER)";
				WRAPPER_EXTENSION = xctest;
			};
			name = Release;
		};
/* End XCBuildConfiguration section */

/* Begin XCConfigurationList section */
		3D6D59CA19409DF6002A58F9 /* Build configuration list for PBXProject "helloWorld" */ = {
			isa = XCConfigurationList;
			buildConfigurations = (
				3D6D5A0219409DF6002A58F9 /* Debug */,
				3D6D5A0319409DF6002A58F9 /* Release */,
			);
			defaultConfigurationIsVisible = 0;
			defaultConfigurationName = Release;
		};
		3D6D5A0419409DF6002A58F9 /* Build configuration list for PBXNativeTarget "helloWorld" */ = {
			isa = XCConfigurationList;
			buildConfigurations = (
				3D6D5A0519409DF6002A58F9 /* Debug */,
				3D6D5A0619409DF6002A58F9 /* Release */,
			);
			defaultConfigurationIsVisible = 0;
		};
		3D6D5A0719409DF6002A58F9 /* Build configuration list for PBXNativeTarget "helloWorldTests" */ = {
			isa = XCConfigurationList;
			buildConfigurations = (
				3D6D5A0819409DF6002A58F9 /* Debug */,
				3D6D5A0919409DF6002A58F9 /* Release */,
			);
			defaultConfigurationIsVisible = 0;
		};
/* End XCConfigurationList section */
	};
	rootObject = 3D6D59C719409DF6002A58F9 /* Project object */;
}
